// !$*UTF8*$!
{
	archiveVersion = 1;
	classes = {
	};
	objectVersion = 46;
	objects = {

/* Begin PBXBuildFile section */
		07B8A9471917FDDC00B882D6 /* Cocoa.framework in Frameworks */ = {isa = PBXBuildFile; fileRef = 07B8A9461917FDDC00B882D6 /* Cocoa.framework */; };
		07B8A9511917FDDC00B882D6 /* InfoPlist.strings in Resources */ = {isa = PBXBuildFile; fileRef = 07B8A94F1917FDDC00B882D6 /* InfoPlist.strings */; };
		07B8A9531917FDDC00B882D6 /* main.m in Sources */ = {isa = PBXBuildFile; fileRef = 07B8A9521917FDDC00B882D6 /* main.m */; };
		07B8A9571917FDDC00B882D6 /* Credits.rtf in Resources */ = {isa = PBXBuildFile; fileRef = 07B8A9551917FDDC00B882D6 /* Credits.rtf */; };
		07B8A95A1917FDDC00B882D6 /* AppDelegate.m in Sources */ = {isa = PBXBuildFile; fileRef = 07B8A9591917FDDC00B882D6 /* AppDelegate.m */; };
		07B8A95F1917FDDC00B882D6 /* Images.xcassets in Resources */ = {isa = PBXBuildFile; fileRef = 07B8A95E1917FDDC00B882D6 /* Images.xcassets */; };
		07B8A9661917FDDC00B882D6 /* XCTest.framework in Frameworks */ = {isa = PBXBuildFile; fileRef = 07B8A9651917FDDC00B882D6 /* XCTest.framework */; };
		07B8A9671917FDDC00B882D6 /* Cocoa.framework in Frameworks */ = {isa = PBXBuildFile; fileRef = 07B8A9461917FDDC00B882D6 /* Cocoa.framework */; };
		07B8A96F1917FDDC00B882D6 /* InfoPlist.strings in Resources */ = {isa = PBXBuildFile; fileRef = 07B8A96D1917FDDC00B882D6 /* InfoPlist.strings */; };
		07B8A9711917FDDC00B882D6 /* envswitchTests.m in Sources */ = {isa = PBXBuildFile; fileRef = 07B8A9701917FDDC00B882D6 /* envswitchTests.m */; };
		07B8A9821918189900B882D6 /* DefaultPreferences.plist in Resources */ = {isa = PBXBuildFile; fileRef = 07B8A9811918189900B882D6 /* DefaultPreferences.plist */; };
		07B8A994191A9F6800B882D6 /* localhost.png in Resources */ = {isa = PBXBuildFile; fileRef = 07B8A984191A9F6800B882D6 /* localhost.png */; };
		07B8A995191A9F6800B882D6 /* localhost@2x.png in Resources */ = {isa = PBXBuildFile; fileRef = 07B8A985191A9F6800B882D6 /* localhost@2x.png */; };
		07B8A996191A9F6800B882D6 /* localhostH.png in Resources */ = {isa = PBXBuildFile; fileRef = 07B8A986191A9F6800B882D6 /* localhostH.png */; };
		07B8A997191A9F6800B882D6 /* localhostH@2x.png in Resources */ = {isa = PBXBuildFile; fileRef = 07B8A987191A9F6800B882D6 /* localhostH@2x.png */; };
		07B8A998191A9F6800B882D6 /* production.png in Resources */ = {isa = PBXBuildFile; fileRef = 07B8A988191A9F6800B882D6 /* production.png */; };
		07B8A999191A9F6800B882D6 /* production@2x.png in Resources */ = {isa = PBXBuildFile; fileRef = 07B8A989191A9F6800B882D6 /* production@2x.png */; };
		07B8A99A191A9F6800B882D6 /* productionH.png in Resources */ = {isa = PBXBuildFile; fileRef = 07B8A98A191A9F6800B882D6 /* productionH.png */; };
		07B8A99B191A9F6800B882D6 /* productionH@2x.png in Resources */ = {isa = PBXBuildFile; fileRef = 07B8A98B191A9F6800B882D6 /* productionH@2x.png */; };
		07B8A99C191A9F6800B882D6 /* staging.png in Resources */ = {isa = PBXBuildFile; fileRef = 07B8A98C191A9F6800B882D6 /* staging.png */; };
		07B8A99D191A9F6800B882D6 /* staging@2x.png in Resources */ = {isa = PBXBuildFile; fileRef = 07B8A98D191A9F6800B882D6 /* staging@2x.png */; };
		07B8A99E191A9F6800B882D6 /* stagingH.png in Resources */ = {isa = PBXBuildFile; fileRef = 07B8A98E191A9F6800B882D6 /* stagingH.png */; };
		07B8A99F191A9F6800B882D6 /* stagingH@2x.png in Resources */ = {isa = PBXBuildFile; fileRef = 07B8A98F191A9F6800B882D6 /* stagingH@2x.png */; };
		07B8A9A0191A9F6800B882D6 /* unknown.png in Resources */ = {isa = PBXBuildFile; fileRef = 07B8A990191A9F6800B882D6 /* unknown.png */; };
		07B8A9A1191A9F6800B882D6 /* unknown@2x.png in Resources */ = {isa = PBXBuildFile; fileRef = 07B8A991191A9F6800B882D6 /* unknown@2x.png */; };
		07B8A9A2191A9F6800B882D6 /* unknownH.png in Resources */ = {isa = PBXBuildFile; fileRef = 07B8A992191A9F6800B882D6 /* unknownH.png */; };
		07B8A9A3191A9F6800B882D6 /* unknownH@2x.png in Resources */ = {isa = PBXBuildFile; fileRef = 07B8A993191A9F6800B882D6 /* unknownH@2x.png */; };
		07B8A9BA191AB39300B882D6 /* 16.png in Resources */ = {isa = PBXBuildFile; fileRef = 07B8A9AE191AB39300B882D6 /* 16.png */; };
		07B8A9BB191AB39300B882D6 /* 16@2x.png in Resources */ = {isa = PBXBuildFile; fileRef = 07B8A9AF191AB39300B882D6 /* 16@2x.png */; };
		07B8A9BC191AB39300B882D6 /* 32.png in Resources */ = {isa = PBXBuildFile; fileRef = 07B8A9B0191AB39300B882D6 /* 32.png */; };
		07B8A9BD191AB39300B882D6 /* 32@2x.png in Resources */ = {isa = PBXBuildFile; fileRef = 07B8A9B1191AB39300B882D6 /* 32@2x.png */; };
		07B8A9C0191AB39300B882D6 /* 128.png in Resources */ = {isa = PBXBuildFile; fileRef = 07B8A9B4191AB39300B882D6 /* 128.png */; };
		07B8A9C1191AB39300B882D6 /* 128@2x.png in Resources */ = {isa = PBXBuildFile; fileRef = 07B8A9B5191AB39300B882D6 /* 128@2x.png */; };
		07B8A9C2191AB39300B882D6 /* 256.png in Resources */ = {isa = PBXBuildFile; fileRef = 07B8A9B6191AB39300B882D6 /* 256.png */; };
		07B8A9C3191AB39300B882D6 /* 256@2x.png in Resources */ = {isa = PBXBuildFile; fileRef = 07B8A9B7191AB39300B882D6 /* 256@2x.png */; };
		07B8A9C4191AB39300B882D6 /* 512.png in Resources */ = {isa = PBXBuildFile; fileRef = 07B8A9B8191AB39300B882D6 /* 512.png */; };
		07B8A9C5191AB39300B882D6 /* 512@2x.png in Resources */ = {isa = PBXBuildFile; fileRef = 07B8A9B9191AB39300B882D6 /* 512@2x.png */; };
		07B8A9D4191AD17400B882D6 /* MainViewController.m in Sources */ = {isa = PBXBuildFile; fileRef = 07B8A9D2191AD17400B882D6 /* MainViewController.m */; };
		07B8A9D5191AD17400B882D6 /* MainViewController.xib in Resources */ = {isa = PBXBuildFile; fileRef = 07B8A9D3191AD17400B882D6 /* MainViewController.xib */; };
		07B8A9D8191AE79600B882D6 /* AXStatusItemPopup.m in Sources */ = {isa = PBXBuildFile; fileRef = 07B8A9D7191AE79600B882D6 /* AXStatusItemPopup.m */; };
		07C6443C191D1AA400A5BE16 /* MainMenu.xib in Resources */ = {isa = PBXBuildFile; fileRef = 07C6443A191D1AA400A5BE16 /* MainMenu.xib */; };
/* End PBXBuildFile section */

/* Begin PBXContainerItemProxy section */
		07B8A9681917FDDC00B882D6 /* PBXContainerItemProxy */ = {
			isa = PBXContainerItemProxy;
			containerPortal = 07B8A93B1917FDDC00B882D6 /* Project object */;
			proxyType = 1;
			remoteGlobalIDString = 07B8A9421917FDDC00B882D6;
			remoteInfo = envswitch;
		};
/* End PBXContainerItemProxy section */

/* Begin PBXFileReference section */
		07B8A9431917FDDC00B882D6 /* envswitch.app */ = {isa = PBXFileReference; explicitFileType = wrapper.application; includeInIndex = 0; path = envswitch.app; sourceTree = BUILT_PRODUCTS_DIR; };
		07B8A9461917FDDC00B882D6 /* Cocoa.framework */ = {isa = PBXFileReference; lastKnownFileType = wrapper.framework; name = Cocoa.framework; path = System/Library/Frameworks/Cocoa.framework; sourceTree = SDKROOT; };
		07B8A9491917FDDC00B882D6 /* AppKit.framework */ = {isa = PBXFileReference; lastKnownFileType = wrapper.framework; name = AppKit.framework; path = System/Library/Frameworks/AppKit.framework; sourceTree = SDKROOT; };
		07B8A94A1917FDDC00B882D6 /* CoreData.framework */ = {isa = PBXFileReference; lastKnownFileType = wrapper.framework; name = CoreData.framework; path = System/Library/Frameworks/CoreData.framework; sourceTree = SDKROOT; };
		07B8A94B1917FDDC00B882D6 /* Foundation.framework */ = {isa = PBXFileReference; lastKnownFileType = wrapper.framework; name = Foundation.framework; path = System/Library/Frameworks/Foundation.framework; sourceTree = SDKROOT; };
		07B8A94E1917FDDC00B882D6 /* envswitch-Info.plist */ = {isa = PBXFileReference; lastKnownFileType = text.plist.xml; path = "envswitch-Info.plist"; sourceTree = "<group>"; };
		07B8A9501917FDDC00B882D6 /* en */ = {isa = PBXFileReference; lastKnownFileType = text.plist.strings; name = en; path = en.lproj/InfoPlist.strings; sourceTree = "<group>"; };
		07B8A9521917FDDC00B882D6 /* main.m */ = {isa = PBXFileReference; lastKnownFileType = sourcecode.c.objc; path = main.m; sourceTree = "<group>"; };
		07B8A9541917FDDC00B882D6 /* envswitch-Prefix.pch */ = {isa = PBXFileReference; lastKnownFileType = sourcecode.c.h; path = "envswitch-Prefix.pch"; sourceTree = "<group>"; };
		07B8A9561917FDDC00B882D6 /* en */ = {isa = PBXFileReference; lastKnownFileType = text.rtf; name = en; path = en.lproj/Credits.rtf; sourceTree = "<group>"; };
		07B8A9581917FDDC00B882D6 /* AppDelegate.h */ = {isa = PBXFileReference; lastKnownFileType = sourcecode.c.h; path = AppDelegate.h; sourceTree = "<group>"; };
		07B8A9591917FDDC00B882D6 /* AppDelegate.m */ = {isa = PBXFileReference; lastKnownFileType = sourcecode.c.objc; path = AppDelegate.m; sourceTree = "<group>"; };
		07B8A95E1917FDDC00B882D6 /* Images.xcassets */ = {isa = PBXFileReference; lastKnownFileType = folder.assetcatalog; path = Images.xcassets; sourceTree = "<group>"; };
		07B8A9641917FDDC00B882D6 /* envswitchTests.xctest */ = {isa = PBXFileReference; explicitFileType = wrapper.cfbundle; includeInIndex = 0; path = envswitchTests.xctest; sourceTree = BUILT_PRODUCTS_DIR; };
		07B8A9651917FDDC00B882D6 /* XCTest.framework */ = {isa = PBXFileReference; lastKnownFileType = wrapper.framework; name = XCTest.framework; path = Library/Frameworks/XCTest.framework; sourceTree = DEVELOPER_DIR; };
		07B8A96C1917FDDC00B882D6 /* envswitchTests-Info.plist */ = {isa = PBXFileReference; lastKnownFileType = text.plist.xml; path = "envswitchTests-Info.plist"; sourceTree = "<group>"; };
		07B8A96E1917FDDC00B882D6 /* en */ = {isa = PBXFileReference; lastKnownFileType = text.plist.strings; name = en; path = en.lproj/InfoPlist.strings; sourceTree = "<group>"; };
		07B8A9701917FDDC00B882D6 /* envswitchTests.m */ = {isa = PBXFileReference; lastKnownFileType = sourcecode.c.objc; path = envswitchTests.m; sourceTree = "<group>"; };
		07B8A9811918189900B882D6 /* DefaultPreferences.plist */ = {isa = PBXFileReference; fileEncoding = 4; lastKnownFileType = text.plist.xml; path = DefaultPreferences.plist; sourceTree = "<group>"; };
		07B8A984191A9F6800B882D6 /* localhost.png */ = {isa = PBXFileReference; lastKnownFileType = image.png; name = localhost.png; path = icons/localhost.png; sourceTree = "<group>"; };
		07B8A985191A9F6800B882D6 /* localhost@2x.png */ = {isa = PBXFileReference; lastKnownFileType = image.png; name = "localhost@2x.png"; path = "icons/localhost@2x.png"; sourceTree = "<group>"; };
		07B8A986191A9F6800B882D6 /* localhostH.png */ = {isa = PBXFileReference; lastKnownFileType = image.png; name = localhostH.png; path = icons/localhostH.png; sourceTree = "<group>"; };
		07B8A987191A9F6800B882D6 /* localhostH@2x.png */ = {isa = PBXFileReference; lastKnownFileType = image.png; name = "localhostH@2x.png"; path = "icons/localhostH@2x.png"; sourceTree = "<group>"; };
		07B8A988191A9F6800B882D6 /* production.png */ = {isa = PBXFileReference; lastKnownFileType = image.png; name = production.png; path = icons/production.png; sourceTree = "<group>"; };
		07B8A989191A9F6800B882D6 /* production@2x.png */ = {isa = PBXFileReference; lastKnownFileType = image.png; name = "production@2x.png"; path = "icons/production@2x.png"; sourceTree = "<group>"; };
		07B8A98A191A9F6800B882D6 /* productionH.png */ = {isa = PBXFileReference; lastKnownFileType = image.png; name = productionH.png; path = icons/productionH.png; sourceTree = "<group>"; };
		07B8A98B191A9F6800B882D6 /* productionH@2x.png */ = {isa = PBXFileReference; lastKnownFileType = image.png; name = "productionH@2x.png"; path = "icons/productionH@2x.png"; sourceTree = "<group>"; };
		07B8A98C191A9F6800B882D6 /* staging.png */ = {isa = PBXFileReference; lastKnownFileType = image.png; name = staging.png; path = icons/staging.png; sourceTree = "<group>"; };
		07B8A98D191A9F6800B882D6 /* staging@2x.png */ = {isa = PBXFileReference; lastKnownFileType = image.png; name = "staging@2x.png"; path = "icons/staging@2x.png"; sourceTree = "<group>"; };
		07B8A98E191A9F6800B882D6 /* stagingH.png */ = {isa = PBXFileReference; lastKnownFileType = image.png; name = stagingH.png; path = icons/stagingH.png; sourceTree = "<group>"; };
		07B8A98F191A9F6800B882D6 /* stagingH@2x.png */ = {isa = PBXFileReference; lastKnownFileType = image.png; name = "stagingH@2x.png"; path = "icons/stagingH@2x.png"; sourceTree = "<group>"; };
		07B8A990191A9F6800B882D6 /* unknown.png */ = {isa = PBXFileReference; lastKnownFileType = image.png; name = unknown.png; path = icons/unknown.png; sourceTree = "<group>"; };
		07B8A991191A9F6800B882D6 /* unknown@2x.png */ = {isa = PBXFileReference; lastKnownFileType = image.png; name = "unknown@2x.png"; path = "icons/unknown@2x.png"; sourceTree = "<group>"; };
		07B8A992191A9F6800B882D6 /* unknownH.png */ = {isa = PBXFileReference; lastKnownFileType = image.png; name = unknownH.png; path = icons/unknownH.png; sourceTree = "<group>"; };
		07B8A993191A9F6800B882D6 /* unknownH@2x.png */ = {isa = PBXFileReference; lastKnownFileType = image.png; name = "unknownH@2x.png"; path = "icons/unknownH@2x.png"; sourceTree = "<group>"; };
		07B8A9AE191AB39300B882D6 /* 16.png */ = {isa = PBXFileReference; lastKnownFileType = image.png; name = 16.png; path = icons/16.png; sourceTree = "<group>"; };
		07B8A9AF191AB39300B882D6 /* 16@2x.png */ = {isa = PBXFileReference; lastKnownFileType = image.png; name = "16@2x.png"; path = "icons/16@2x.png"; sourceTree = "<group>"; };
		07B8A9B0191AB39300B882D6 /* 32.png */ = {isa = PBXFileReference; lastKnownFileType = image.png; name = 32.png; path = icons/32.png; sourceTree = "<group>"; };
		07B8A9B1191AB39300B882D6 /* 32@2x.png */ = {isa = PBXFileReference; lastKnownFileType = image.png; name = "32@2x.png"; path = "icons/32@2x.png"; sourceTree = "<group>"; };
		07B8A9B4191AB39300B882D6 /* 128.png */ = {isa = PBXFileReference; lastKnownFileType = image.png; name = 128.png; path = icons/128.png; sourceTree = "<group>"; };
		07B8A9B5191AB39300B882D6 /* 128@2x.png */ = {isa = PBXFileReference; lastKnownFileType = image.png; name = "128@2x.png"; path = "icons/128@2x.png"; sourceTree = "<group>"; };
		07B8A9B6191AB39300B882D6 /* 256.png */ = {isa = PBXFileReference; lastKnownFileType = image.png; name = 256.png; path = icons/256.png; sourceTree = "<group>"; };
		07B8A9B7191AB39300B882D6 /* 256@2x.png */ = {isa = PBXFileReference; lastKnownFileType = image.png; name = "256@2x.png"; path = "icons/256@2x.png"; sourceTree = "<group>"; };
		07B8A9B8191AB39300B882D6 /* 512.png */ = {isa = PBXFileReference; lastKnownFileType = image.png; name = 512.png; path = icons/512.png; sourceTree = "<group>"; };
		07B8A9B9191AB39300B882D6 /* 512@2x.png */ = {isa = PBXFileReference; lastKnownFileType = image.png; name = "512@2x.png"; path = "icons/512@2x.png"; sourceTree = "<group>"; };
		07B8A9D1191AD17400B882D6 /* MainViewController.h */ = {isa = PBXFileReference; fileEncoding = 4; lastKnownFileType = sourcecode.c.h; path = MainViewController.h; sourceTree = "<group>"; };
		07B8A9D2191AD17400B882D6 /* MainViewController.m */ = {isa = PBXFileReference; fileEncoding = 4; lastKnownFileType = sourcecode.c.objc; path = MainViewController.m; sourceTree = "<group>"; };
		07B8A9D3191AD17400B882D6 /* MainViewController.xib */ = {isa = PBXFileReference; fileEncoding = 4; lastKnownFileType = file.xib; path = MainViewController.xib; sourceTree = "<group>"; };
		07B8A9D6191AE79600B882D6 /* AXStatusItemPopup.h */ = {isa = PBXFileReference; fileEncoding = 4; lastKnownFileType = sourcecode.c.h; path = AXStatusItemPopup.h; sourceTree = "<group>"; };
		07B8A9D7191AE79600B882D6 /* AXStatusItemPopup.m */ = {isa = PBXFileReference; fileEncoding = 4; lastKnownFileType = sourcecode.c.objc; path = AXStatusItemPopup.m; sourceTree = "<group>"; };
		07C6443B191D1AA400A5BE16 /* en */ = {isa = PBXFileReference; lastKnownFileType = file.xib; name = en; path = en.lproj/MainMenu.xib; sourceTree = "<group>"; };
/* End PBXFileReference section */

/* Begin PBXFrameworksBuildPhase section */
		07B8A9401917FDDC00B882D6 /* Frameworks */ = {
			isa = PBXFrameworksBuildPhase;
			buildActionMask = 2147483647;
			files = (
				07B8A9471917FDDC00B882D6 /* Cocoa.framework in Frameworks */,
			);
			runOnlyForDeploymentPostprocessing = 0;
		};
		07B8A9611917FDDC00B882D6 /* Frameworks */ = {
			isa = PBXFrameworksBuildPhase;
			buildActionMask = 2147483647;
			files = (
				07B8A9671917FDDC00B882D6 /* Cocoa.framework in Frameworks */,
				07B8A9661917FDDC00B882D6 /* XCTest.framework in Frameworks */,
			);
			runOnlyForDeploymentPostprocessing = 0;
		};
/* End PBXFrameworksBuildPhase section */

/* Begin PBXGroup section */
		07B8A93A1917FDDC00B882D6 = {
			isa = PBXGroup;
			children = (
				07B8A94C1917FDDC00B882D6 /* envswitch */,
				07B8A96A1917FDDC00B882D6 /* envswitchTests */,
				07B8A9451917FDDC00B882D6 /* Frameworks */,
				07B8A9441917FDDC00B882D6 /* Products */,
			);
			sourceTree = "<group>";
		};
		07B8A9441917FDDC00B882D6 /* Products */ = {
			isa = PBXGroup;
			children = (
				07B8A9431917FDDC00B882D6 /* envswitch.app */,
				07B8A9641917FDDC00B882D6 /* envswitchTests.xctest */,
			);
			name = Products;
			sourceTree = "<group>";
		};
		07B8A9451917FDDC00B882D6 /* Frameworks */ = {
			isa = PBXGroup;
			children = (
				07B8A9461917FDDC00B882D6 /* Cocoa.framework */,
				07B8A9651917FDDC00B882D6 /* XCTest.framework */,
				07B8A9481917FDDC00B882D6 /* Other Frameworks */,
			);
			name = Frameworks;
			sourceTree = "<group>";
		};
		07B8A9481917FDDC00B882D6 /* Other Frameworks */ = {
			isa = PBXGroup;
			children = (
				07B8A9491917FDDC00B882D6 /* AppKit.framework */,
				07B8A94A1917FDDC00B882D6 /* CoreData.framework */,
				07B8A94B1917FDDC00B882D6 /* Foundation.framework */,
			);
			name = "Other Frameworks";
			sourceTree = "<group>";
		};
		07B8A94C1917FDDC00B882D6 /* envswitch */ = {
			isa = PBXGroup;
			children = (
				07B8A9C7191ACD5000B882D6 /* AXStatusItemPopup */,
				07B8A97C1918005100B882D6 /* Resources */,
				07B8A9581917FDDC00B882D6 /* AppDelegate.h */,
				07B8A9591917FDDC00B882D6 /* AppDelegate.m */,
				07B8A95E1917FDDC00B882D6 /* Images.xcassets */,
				07B8A94D1917FDDC00B882D6 /* Supporting Files */,
				07B8A9D1191AD17400B882D6 /* MainViewController.h */,
				07B8A9D2191AD17400B882D6 /* MainViewController.m */,
				07B8A9D3191AD17400B882D6 /* MainViewController.xib */,
				07C6443A191D1AA400A5BE16 /* MainMenu.xib */,
			);
			path = envswitch;
			sourceTree = "<group>";
		};
		07B8A94D1917FDDC00B882D6 /* Supporting Files */ = {
			isa = PBXGroup;
			children = (
				07B8A94E1917FDDC00B882D6 /* envswitch-Info.plist */,
				07B8A94F1917FDDC00B882D6 /* InfoPlist.strings */,
				07B8A9521917FDDC00B882D6 /* main.m */,
				07B8A9541917FDDC00B882D6 /* envswitch-Prefix.pch */,
				07B8A9551917FDDC00B882D6 /* Credits.rtf */,
			);
			name = "Supporting Files";
			sourceTree = "<group>";
		};
		07B8A96A1917FDDC00B882D6 /* envswitchTests */ = {
			isa = PBXGroup;
			children = (
				07B8A9701917FDDC00B882D6 /* envswitchTests.m */,
				07B8A96B1917FDDC00B882D6 /* Supporting Files */,
			);
			path = envswitchTests;
			sourceTree = "<group>";
		};
		07B8A96B1917FDDC00B882D6 /* Supporting Files */ = {
			isa = PBXGroup;
			children = (
				07B8A96C1917FDDC00B882D6 /* envswitchTests-Info.plist */,
				07B8A96D1917FDDC00B882D6 /* InfoPlist.strings */,
			);
			name = "Supporting Files";
			sourceTree = "<group>";
		};
		07B8A97C1918005100B882D6 /* Resources */ = {
			isa = PBXGroup;
			children = (
				07B8A983191A9F5900B882D6 /* icons */,
				07B8A9811918189900B882D6 /* DefaultPreferences.plist */,
			);
			name = Resources;
			sourceTree = "<group>";
		};
		07B8A983191A9F5900B882D6 /* icons */ = {
			isa = PBXGroup;
			children = (
				07B8A9AE191AB39300B882D6 /* 16.png */,
				07B8A9AF191AB39300B882D6 /* 16@2x.png */,
				07B8A9B0191AB39300B882D6 /* 32.png */,
				07B8A9B1191AB39300B882D6 /* 32@2x.png */,
				07B8A9B4191AB39300B882D6 /* 128.png */,
				07B8A9B5191AB39300B882D6 /* 128@2x.png */,
				07B8A9B6191AB39300B882D6 /* 256.png */,
				07B8A9B7191AB39300B882D6 /* 256@2x.png */,
				07B8A9B8191AB39300B882D6 /* 512.png */,
				07B8A9B9191AB39300B882D6 /* 512@2x.png */,
				07B8A984191A9F6800B882D6 /* localhost.png */,
				07B8A985191A9F6800B882D6 /* localhost@2x.png */,
				07B8A986191A9F6800B882D6 /* localhostH.png */,
				07B8A987191A9F6800B882D6 /* localhostH@2x.png */,
				07B8A988191A9F6800B882D6 /* production.png */,
				07B8A989191A9F6800B882D6 /* production@2x.png */,
				07B8A98A191A9F6800B882D6 /* productionH.png */,
				07B8A98B191A9F6800B882D6 /* productionH@2x.png */,
				07B8A98C191A9F6800B882D6 /* staging.png */,
				07B8A98D191A9F6800B882D6 /* staging@2x.png */,
				07B8A98E191A9F6800B882D6 /* stagingH.png */,
				07B8A98F191A9F6800B882D6 /* stagingH@2x.png */,
				07B8A990191A9F6800B882D6 /* unknown.png */,
				07B8A991191A9F6800B882D6 /* unknown@2x.png */,
				07B8A992191A9F6800B882D6 /* unknownH.png */,
				07B8A993191A9F6800B882D6 /* unknownH@2x.png */,
			);
			name = icons;
			sourceTree = "<group>";
		};
		07B8A9C7191ACD5000B882D6 /* AXStatusItemPopup */ = {
			isa = PBXGroup;
			children = (
				07B8A9D6191AE79600B882D6 /* AXStatusItemPopup.h */,
				07B8A9D7191AE79600B882D6 /* AXStatusItemPopup.m */,
			);
			path = AXStatusItemPopup;
			sourceTree = "<group>";
		};
/* End PBXGroup section */

/* Begin PBXNativeTarget section */
		07B8A9421917FDDC00B882D6 /* envswitch */ = {
			isa = PBXNativeTarget;
			buildConfigurationList = 07B8A9741917FDDC00B882D6 /* Build configuration list for PBXNativeTarget "envswitch" */;
			buildPhases = (
				07B8A93F1917FDDC00B882D6 /* Sources */,
				07B8A9401917FDDC00B882D6 /* Frameworks */,
				07B8A9411917FDDC00B882D6 /* Resources */,
			);
			buildRules = (
			);
			dependencies = (
			);
			name = envswitch;
			productName = envswitch;
			productReference = 07B8A9431917FDDC00B882D6 /* envswitch.app */;
			productType = "com.apple.product-type.application";
		};
		07B8A9631917FDDC00B882D6 /* envswitchTests */ = {
			isa = PBXNativeTarget;
			buildConfigurationList = 07B8A9771917FDDC00B882D6 /* Build configuration list for PBXNativeTarget "envswitchTests" */;
			buildPhases = (
				07B8A9601917FDDC00B882D6 /* Sources */,
				07B8A9611917FDDC00B882D6 /* Frameworks */,
				07B8A9621917FDDC00B882D6 /* Resources */,
			);
			buildRules = (
			);
			dependencies = (
				07B8A9691917FDDC00B882D6 /* PBXTargetDependency */,
			);
			name = envswitchTests;
			productName = envswitchTests;
			productReference = 07B8A9641917FDDC00B882D6 /* envswitchTests.xctest */;
			productType = "com.apple.product-type.bundle.unit-test";
		};
/* End PBXNativeTarget section */

/* Begin PBXProject section */
		07B8A93B1917FDDC00B882D6 /* Project object */ = {
			isa = PBXProject;
			attributes = {
				LastUpgradeCheck = 0510;
				ORGANIZATIONNAME = Prey;
				TargetAttributes = {
					07B8A9631917FDDC00B882D6 = {
						TestTargetID = 07B8A9421917FDDC00B882D6;
					};
				};
			};
			buildConfigurationList = 07B8A93E1917FDDC00B882D6 /* Build configuration list for PBXProject "envswitch" */;
			compatibilityVersion = "Xcode 3.2";
			developmentRegion = English;
			hasScannedForEncodings = 0;
			knownRegions = (
				en,
				Base,
			);
			mainGroup = 07B8A93A1917FDDC00B882D6;
			productRefGroup = 07B8A9441917FDDC00B882D6 /* Products */;
			projectDirPath = "";
			projectRoot = "";
			targets = (
				07B8A9421917FDDC00B882D6 /* envswitch */,
				07B8A9631917FDDC00B882D6 /* envswitchTests */,
			);
		};
/* End PBXProject section */

/* Begin PBXResourcesBuildPhase section */
		07B8A9411917FDDC00B882D6 /* Resources */ = {
			isa = PBXResourcesBuildPhase;
			buildActionMask = 2147483647;
			files = (
				07B8A9A2191A9F6800B882D6 /* unknownH.png in Resources */,
				07B8A99E191A9F6800B882D6 /* stagingH.png in Resources */,
				07B8A99B191A9F6800B882D6 /* productionH@2x.png in Resources */,
				07B8A9511917FDDC00B882D6 /* InfoPlist.strings in Resources */,
				07B8A9BD191AB39300B882D6 /* 32@2x.png in Resources */,
				07B8A9C0191AB39300B882D6 /* 128.png in Resources */,
				07B8A9A1191A9F6800B882D6 /* unknown@2x.png in Resources */,
				07B8A99F191A9F6800B882D6 /* stagingH@2x.png in Resources */,
				07B8A994191A9F6800B882D6 /* localhost.png in Resources */,
				07B8A9BB191AB39300B882D6 /* 16@2x.png in Resources */,
				07B8A996191A9F6800B882D6 /* localhostH.png in Resources */,
				07B8A9C4191AB39300B882D6 /* 512.png in Resources */,
				07B8A95F1917FDDC00B882D6 /* Images.xcassets in Resources */,
				07B8A999191A9F6800B882D6 /* production@2x.png in Resources */,
				07B8A9A0191A9F6800B882D6 /* unknown.png in Resources */,
				07B8A9A3191A9F6800B882D6 /* unknownH@2x.png in Resources */,
				07B8A9D5191AD17400B882D6 /* MainViewController.xib in Resources */,
				07B8A998191A9F6800B882D6 /* production.png in Resources */,
				07B8A99D191A9F6800B882D6 /* staging@2x.png in Resources */,
				07B8A9C2191AB39300B882D6 /* 256.png in Resources */,
				07B8A9571917FDDC00B882D6 /* Credits.rtf in Resources */,
				07B8A9C5191AB39300B882D6 /* 512@2x.png in Resources */,
				07B8A99C191A9F6800B882D6 /* staging.png in Resources */,
				07C6443C191D1AA400A5BE16 /* MainMenu.xib in Resources */,
				07B8A995191A9F6800B882D6 /* localhost@2x.png in Resources */,
				07B8A9C3191AB39300B882D6 /* 256@2x.png in Resources */,
				07B8A99A191A9F6800B882D6 /* productionH.png in Resources */,
				07B8A9BC191AB39300B882D6 /* 32.png in Resources */,
				07B8A9C1191AB39300B882D6 /* 128@2x.png in Resources */,
				07B8A9821918189900B882D6 /* DefaultPreferences.plist in Resources */,
				07B8A997191A9F6800B882D6 /* localhostH@2x.png in Resources */,
				07B8A9BA191AB39300B882D6 /* 16.png in Resources */,
			);
			runOnlyForDeploymentPostprocessing = 0;
		};
		07B8A9621917FDDC00B882D6 /* Resources */ = {
			isa = PBXResourcesBuildPhase;
			buildActionMask = 2147483647;
			files = (
				07B8A96F1917FDDC00B882D6 /* InfoPlist.strings in Resources */,
			);
			runOnlyForDeploymentPostprocessing = 0;
		};
/* End PBXResourcesBuildPhase section */

/* Begin PBXSourcesBuildPhase section */
		07B8A93F1917FDDC00B882D6 /* Sources */ = {
			isa = PBXSourcesBuildPhase;
			buildActionMask = 2147483647;
			files = (
				07B8A95A1917FDDC00B882D6 /* AppDelegate.m in Sources */,
				07B8A9531917FDDC00B882D6 /* main.m in Sources */,
				07B8A9D8191AE79600B882D6 /* AXStatusItemPopup.m in Sources */,
				07B8A9D4191AD17400B882D6 /* MainViewController.m in Sources */,
			);
			runOnlyForDeploymentPostprocessing = 0;
		};
		07B8A9601917FDDC00B882D6 /* Sources */ = {
			isa = PBXSourcesBuildPhase;
			buildActionMask = 2147483647;
			files = (
				07B8A9711917FDDC00B882D6 /* envswitchTests.m in Sources */,
			);
			runOnlyForDeploymentPostprocessing = 0;
		};
/* End PBXSourcesBuildPhase section */

/* Begin PBXTargetDependency section */
		07B8A9691917FDDC00B882D6 /* PBXTargetDependency */ = {
			isa = PBXTargetDependency;
			target = 07B8A9421917FDDC00B882D6 /* envswitch */;
			targetProxy = 07B8A9681917FDDC00B882D6 /* PBXContainerItemProxy */;
		};
/* End PBXTargetDependency section */

/* Begin PBXVariantGroup section */
		07B8A94F1917FDDC00B882D6 /* InfoPlist.strings */ = {
			isa = PBXVariantGroup;
			children = (
				07B8A9501917FDDC00B882D6 /* en */,
			);
			name = InfoPlist.strings;
			sourceTree = "<group>";
		};
		07B8A9551917FDDC00B882D6 /* Credits.rtf */ = {
			isa = PBXVariantGroup;
			children = (
				07B8A9561917FDDC00B882D6 /* en */,
			);
			name = Credits.rtf;
			sourceTree = "<group>";
		};
		07B8A96D1917FDDC00B882D6 /* InfoPlist.strings */ = {
			isa = PBXVariantGroup;
			children = (
				07B8A96E1917FDDC00B882D6 /* en */,
			);
			name = InfoPlist.strings;
			sourceTree = "<group>";
		};
		07C6443A191D1AA400A5BE16 /* MainMenu.xib */ = {
			isa = PBXVariantGroup;
			children = (
				07C6443B191D1AA400A5BE16 /* en */,
			);
			name = MainMenu.xib;
			sourceTree = "<group>";
		};
/* End PBXVariantGroup section */

/* Begin XCBuildConfiguration section */
		07B8A9721917FDDC00B882D6 /* Debug */ = {
			isa = XCBuildConfiguration;
			buildSettings = {
				ALWAYS_SEARCH_USER_PATHS = NO;
				CLANG_CXX_LANGUAGE_STANDARD = "gnu++0x";
				CLANG_CXX_LIBRARY = "libc++";
				CLANG_ENABLE_MODULES = YES;
				CLANG_ENABLE_OBJC_ARC = YES;
				CLANG_WARN_BOOL_CONVERSION = YES;
				CLANG_WARN_CONSTANT_CONVERSION = YES;
				CLANG_WARN_DIRECT_OBJC_ISA_USAGE = YES_ERROR;
				CLANG_WARN_EMPTY_BODY = YES;
				CLANG_WARN_ENUM_CONVERSION = YES;
				CLANG_WARN_INT_CONVERSION = YES;
				CLANG_WARN_OBJC_ROOT_CLASS = YES_ERROR;
				CLANG_WARN__DUPLICATE_METHOD_MATCH = YES;
				COPY_PHASE_STRIP = NO;
				GCC_C_LANGUAGE_STANDARD = gnu99;
				GCC_DYNAMIC_NO_PIC = NO;
				GCC_ENABLE_OBJC_EXCEPTIONS = YES;
				GCC_OPTIMIZATION_LEVEL = 0;
				GCC_PREPROCESSOR_DEFINITIONS = (
					"DEBUG=1",
					"$(inherited)",
				);
				GCC_SYMBOLS_PRIVATE_EXTERN = NO;
				GCC_WARN_64_TO_32_BIT_CONVERSION = YES;
				GCC_WARN_ABOUT_RETURN_TYPE = YES_ERROR;
				GCC_WARN_UNDECLARED_SELECTOR = YES;
				GCC_WARN_UNINITIALIZED_AUTOS = YES_AGGRESSIVE;
				GCC_WARN_UNUSED_FUNCTION = YES;
				GCC_WARN_UNUSED_VARIABLE = YES;
				MACOSX_DEPLOYMENT_TARGET = 10.9;
				ONLY_ACTIVE_ARCH = YES;
				SDKROOT = macosx;
			};
			name = Debug;
		};
		07B8A9731917FDDC00B882D6 /* Release */ = {
			isa = XCBuildConfiguration;
			buildSettings = {
				ALWAYS_SEARCH_USER_PATHS = NO;
				CLANG_CXX_LANGUAGE_STANDARD = "gnu++0x";
				CLANG_CXX_LIBRARY = "libc++";
				CLANG_ENABLE_MODULES = YES;
				CLANG_ENABLE_OBJC_ARC = YES;
				CLANG_WARN_BOOL_CONVERSION = YES;
				CLANG_WARN_CONSTANT_CONVERSION = YES;
				CLANG_WARN_DIRECT_OBJC_ISA_USAGE = YES_ERROR;
				CLANG_WARN_EMPTY_BODY = YES;
				CLANG_WARN_ENUM_CONVERSION = YES;
				CLANG_WARN_INT_CONVERSION = YES;
				CLANG_WARN_OBJC_ROOT_CLASS = YES_ERROR;
				CLANG_WARN__DUPLICATE_METHOD_MATCH = YES;
				COPY_PHASE_STRIP = YES;
				DEBUG_INFORMATION_FORMAT = "dwarf-with-dsym";
				ENABLE_NS_ASSERTIONS = NO;
				GCC_C_LANGUAGE_STANDARD = gnu99;
				GCC_ENABLE_OBJC_EXCEPTIONS = YES;
				GCC_WARN_64_TO_32_BIT_CONVERSION = YES;
				GCC_WARN_ABOUT_RETURN_TYPE = YES_ERROR;
				GCC_WARN_UNDECLARED_SELECTOR = YES;
				GCC_WARN_UNINITIALIZED_AUTOS = YES_AGGRESSIVE;
				GCC_WARN_UNUSED_FUNCTION = YES;
				GCC_WARN_UNUSED_VARIABLE = YES;
				MACOSX_DEPLOYMENT_TARGET = 10.9;
				SDKROOT = macosx;
			};
			name = Release;
		};
		07B8A9751917FDDC00B882D6 /* Debug */ = {
			isa = XCBuildConfiguration;
			buildSettings = {
				ASSETCATALOG_COMPILER_APPICON_NAME = AppIcon;
				COMBINE_HIDPI_IMAGES = YES;
				GCC_PRECOMPILE_PREFIX_HEADER = YES;
				GCC_PREFIX_HEADER = "envswitch/envswitch-Prefix.pch";
				INFOPLIST_FILE = "envswitch/envswitch-Info.plist";
				PRODUCT_NAME = "$(TARGET_NAME)";
				WRAPPER_EXTENSION = app;
			};
			name = Debug;
		};
		07B8A9761917FDDC00B882D6 /* Release */ = {
			isa = XCBuildConfiguration;
			buildSettings = {
				ASSETCATALOG_COMPILER_APPICON_NAME = AppIcon;
				COMBINE_HIDPI_IMAGES = YES;
				GCC_PRECOMPILE_PREFIX_HEADER = YES;
				GCC_PREFIX_HEADER = "envswitch/envswitch-Prefix.pch";
				INFOPLIST_FILE = "envswitch/envswitch-Info.plist";
				PRODUCT_NAME = "$(TARGET_NAME)";
				WRAPPER_EXTENSION = app;
			};
			name = Release;
		};
		07B8A9781917FDDC00B882D6 /* Debug */ = {
			isa = XCBuildConfiguration;
			buildSettings = {
				BUNDLE_LOADER = "$(BUILT_PRODUCTS_DIR)/envswitch.app/Contents/MacOS/envswitch";
				COMBINE_HIDPI_IMAGES = YES;
				FRAMEWORK_SEARCH_PATHS = (
					"$(DEVELOPER_FRAMEWORKS_DIR)",
					"$(inherited)",
				);
				GCC_PRECOMPILE_PREFIX_HEADER = YES;
				GCC_PREFIX_HEADER = "envswitch/envswitch-Prefix.pch";
				GCC_PREPROCESSOR_DEFINITIONS = (
					"DEBUG=1",
					"$(inherited)",
				);
				INFOPLIST_FILE = "envswitchTests/envswitchTests-Info.plist";
				PRODUCT_NAME = "$(TARGET_NAME)";
				TEST_HOST = "$(BUNDLE_LOADER)";
				WRAPPER_EXTENSION = xctest;
			};
			name = Debug;
		};
		07B8A9791917FDDC00B882D6 /* Release */ = {
			isa = XCBuildConfiguration;
			buildSettings = {
				BUNDLE_LOADER = "$(BUILT_PRODUCTS_DIR)/envswitch.app/Contents/MacOS/envswitch";
				COMBINE_HIDPI_IMAGES = YES;
				FRAMEWORK_SEARCH_PATHS = (
					"$(DEVELOPER_FRAMEWORKS_DIR)",
					"$(inherited)",
				);
				GCC_PRECOMPILE_PREFIX_HEADER = YES;
				GCC_PREFIX_HEADER = "envswitch/envswitch-Prefix.pch";
				INFOPLIST_FILE = "envswitchTests/envswitchTests-Info.plist";
				PRODUCT_NAME = "$(TARGET_NAME)";
				TEST_HOST = "$(BUNDLE_LOADER)";
				WRAPPER_EXTENSION = xctest;
			};
			name = Release;
		};
/* End XCBuildConfiguration section */

/* Begin XCConfigurationList section */
		07B8A93E1917FDDC00B882D6 /* Build configuration list for PBXProject "envswitch" */ = {
			isa = XCConfigurationList;
			buildConfigurations = (
				07B8A9721917FDDC00B882D6 /* Debug */,
				07B8A9731917FDDC00B882D6 /* Release */,
			);
			defaultConfigurationIsVisible = 0;
			defaultConfigurationName = Release;
		};
		07B8A9741917FDDC00B882D6 /* Build configuration list for PBXNativeTarget "envswitch" */ = {
			isa = XCConfigurationList;
			buildConfigurations = (
				07B8A9751917FDDC00B882D6 /* Debug */,
				07B8A9761917FDDC00B882D6 /* Release */,
			);
			defaultConfigurationIsVisible = 0;
			defaultConfigurationName = Release;
		};
		07B8A9771917FDDC00B882D6 /* Build configuration list for PBXNativeTarget "envswitchTests" */ = {
			isa = XCConfigurationList;
			buildConfigurations = (
				07B8A9781917FDDC00B882D6 /* Debug */,
				07B8A9791917FDDC00B882D6 /* Release */,
			);
			defaultConfigurationIsVisible = 0;
			defaultConfigurationName = Release;
		};
/* End XCConfigurationList section */
	};
	rootObject = 07B8A93B1917FDDC00B882D6 /* Project object */;
}
